
Microsoft Visual Studio Solution File, Format Version 12.00
# Visual Studio Version 17
VisualStudioVersion = 17.10.35013.160
MinimumVisualStudioVersion = 10.0.40219.1
Project("{FAE04EC0-301F-11D3-BF4B-00C04F79EFBC}") = "MyFirstGitCalculator", "MyFirstGitCalculator.csproj", "{C8B47385-A963-418C-B4D2-171B9AD0F957}"
EndProject
Global
	GlobalSection(SolutionConfigurationPlatforms) = preSolution
		Debug|Any CPU = Debug|Any CPU
		Release|Any CPU = Release|Any CPU
	EndGlobalSection
	GlobalSection(ProjectConfigurationPlatforms) = postSolution
		{C8B47385-A963-418C-B4D2-171B9AD0F957}.Debug|Any CPU.ActiveCfg = Debug|Any CPU
		{C8B47385-A963-418C-B4D2-171B9AD0F957}.Debug|Any CPU.Build.0 = Debug|Any CPU
		{C8B47385-A963-418C-B4D2-171B9AD0F957}.Release|Any CPU.ActiveCfg = Release|Any CPU
		{C8B47385-A963-418C-B4D2-171B9AD0F957}.Release|Any CPU.Build.0 = Release|Any CPU
	EndGlobalSection
	GlobalSection(SolutionProperties) = preSolution
		HideSolutionNode = FALSE
	EndGlobalSection
	GlobalSection(ExtensibilityGlobals) = postSolution
		SolutionGuid = {2BA406CA-7CDD-450B-9F35-64A3951D6BF8}
	EndGlobalSection
EndGlobal
